
Microsoft Visual Studio Solution File, Format Version 12.00
Project("{FAE04EC0-301F-11D3-BF4B-00C04F79EFBC}") = "FizzBuzz.API", "src\Services\FizzBuzz\FizzBuzz.API\FizzBuzz.API.csproj", "{7822C6A3-1205-46D5-BA00-6C30228CA8FA}"
EndProject
Project("{2150E333-8FDC-42A3-9474-1A3956D46DE8}") = "src", "src", "{F3604918-3DF2-401A-89D3-6557C41C04E0}"
EndProject
Project("{2150E333-8FDC-42A3-9474-1A3956D46DE8}") = "Services", "Services", "{93A459F6-8D57-4719-8C98-8A452FFB7253}"
EndProject
Project("{2150E333-8FDC-42A3-9474-1A3956D46DE8}") = "FizzBuzz", "FizzBuzz", "{ACAC891C-516B-4676-8AE1-E0E10E192CBC}"
EndProject
Project("{FAE04EC0-301F-11D3-BF4B-00C04F79EFBC}") = "FizzBuzz.Domain", "src\Services\FizzBuzz\FizzBuzz.Domain\FizzBuzz.Domain.csproj", "{4F33FF15-3315-464C-98AC-DEC8B29F847F}"
EndProject
Project("{FAE04EC0-301F-11D3-BF4B-00C04F79EFBC}") = "FizzBuzz.Application", "src\Services\FizzBuzz\FizzBuzz.Application\FizzBuzz.Application.csproj", "{03CBB92C-05F1-4828-90F8-E2726E5822CE}"
EndProject
Project("{FAE04EC0-301F-11D3-BF4B-00C04F79EFBC}") = "FizzBuzz.Infrastructure", "src\Services\FizzBuzz\FizzBuzz.Infrastructure\FizzBuzz.Infrastructure.csproj", "{9990F47A-D8D5-4F2D-AC83-BD0DAC7A2DB1}"
EndProject
Project("{2150E333-8FDC-42A3-9474-1A3956D46DE8}") = "Tests", "Tests", "{9B63F401-C6C5-40E7-B63C-CD73E2ED1C0A}"
EndProject
Project("{FAE04EC0-301F-11D3-BF4B-00C04F79EFBC}") = "FizzBuzz.Domain.Tests", "src\Services\FizzBuzz\Tests\FizzBuzz.Domain.Tests\FizzBuzz.Domain.Tests.csproj", "{4A5B7FB7-3550-42C5-9083-292C63304327}"
EndProject
Project("{FAE04EC0-301F-11D3-BF4B-00C04F79EFBC}") = "FizzBuzz.Application.Tests", "src\Services\FizzBuzz\Tests\FizzBuzz.Application.Tests\FizzBuzz.Application.Tests.csproj", "{E78799BA-2ADD-4F7A-982A-9FD53593D8E3}"
EndProject
Project("{FAE04EC0-301F-11D3-BF4B-00C04F79EFBC}") = "FizzBuzz.Infrastructure.Tests", "src\Services\FizzBuzz\Tests\FizzBuzz.Infrastructure.Tests\FizzBuzz.Infrastructure.Tests.csproj", "{342EDFE2-134D-4B5B-9238-A6B7EE2058D2}"
EndProject
Global
	GlobalSection(SolutionConfigurationPlatforms) = preSolution
		Debug|Any CPU = Debug|Any CPU
		Release|Any CPU = Release|Any CPU
	EndGlobalSection
	GlobalSection(ProjectConfigurationPlatforms) = postSolution
		{7822C6A3-1205-46D5-BA00-6C30228CA8FA}.Debug|Any CPU.ActiveCfg = Debug|Any CPU
		{7822C6A3-1205-46D5-BA00-6C30228CA8FA}.Debug|Any CPU.Build.0 = Debug|Any CPU
		{7822C6A3-1205-46D5-BA00-6C30228CA8FA}.Release|Any CPU.ActiveCfg = Release|Any CPU
		{7822C6A3-1205-46D5-BA00-6C30228CA8FA}.Release|Any CPU.Build.0 = Release|Any CPU
		{4F33FF15-3315-464C-98AC-DEC8B29F847F}.Debug|Any CPU.ActiveCfg = Debug|Any CPU
		{4F33FF15-3315-464C-98AC-DEC8B29F847F}.Debug|Any CPU.Build.0 = Debug|Any CPU
		{4F33FF15-3315-464C-98AC-DEC8B29F847F}.Release|Any CPU.ActiveCfg = Release|Any CPU
		{4F33FF15-3315-464C-98AC-DEC8B29F847F}.Release|Any CPU.Build.0 = Release|Any CPU
		{03CBB92C-05F1-4828-90F8-E2726E5822CE}.Debug|Any CPU.ActiveCfg = Debug|Any CPU
		{03CBB92C-05F1-4828-90F8-E2726E5822CE}.Debug|Any CPU.Build.0 = Debug|Any CPU
		{03CBB92C-05F1-4828-90F8-E2726E5822CE}.Release|Any CPU.ActiveCfg = Release|Any CPU
		{03CBB92C-05F1-4828-90F8-E2726E5822CE}.Release|Any CPU.Build.0 = Release|Any CPU
		{9990F47A-D8D5-4F2D-AC83-BD0DAC7A2DB1}.Debug|Any CPU.ActiveCfg = Debug|Any CPU
		{9990F47A-D8D5-4F2D-AC83-BD0DAC7A2DB1}.Debug|Any CPU.Build.0 = Debug|Any CPU
		{9990F47A-D8D5-4F2D-AC83-BD0DAC7A2DB1}.Release|Any CPU.ActiveCfg = Release|Any CPU
		{9990F47A-D8D5-4F2D-AC83-BD0DAC7A2DB1}.Release|Any CPU.Build.0 = Release|Any CPU
		{4A5B7FB7-3550-42C5-9083-292C63304327}.Debug|Any CPU.ActiveCfg = Debug|Any CPU
		{4A5B7FB7-3550-42C5-9083-292C63304327}.Debug|Any CPU.Build.0 = Debug|Any CPU
		{4A5B7FB7-3550-42C5-9083-292C63304327}.Release|Any CPU.ActiveCfg = Release|Any CPU
		{4A5B7FB7-3550-42C5-9083-292C63304327}.Release|Any CPU.Build.0 = Release|Any CPU
		{E78799BA-2ADD-4F7A-982A-9FD53593D8E3}.Debug|Any CPU.ActiveCfg = Debug|Any CPU
		{E78799BA-2ADD-4F7A-982A-9FD53593D8E3}.Debug|Any CPU.Build.0 = Debug|Any CPU
		{E78799BA-2ADD-4F7A-982A-9FD53593D8E3}.Release|Any CPU.ActiveCfg = Release|Any CPU
		{E78799BA-2ADD-4F7A-982A-9FD53593D8E3}.Release|Any CPU.Build.0 = Release|Any CPU
		{342EDFE2-134D-4B5B-9238-A6B7EE2058D2}.Debug|Any CPU.ActiveCfg = Debug|Any CPU
		{342EDFE2-134D-4B5B-9238-A6B7EE2058D2}.Debug|Any CPU.Build.0 = Debug|Any CPU
		{342EDFE2-134D-4B5B-9238-A6B7EE2058D2}.Release|Any CPU.ActiveCfg = Release|Any CPU
		{342EDFE2-134D-4B5B-9238-A6B7EE2058D2}.Release|Any CPU.Build.0 = Release|Any CPU
	EndGlobalSection
	GlobalSection(NestedProjects) = preSolution
		{93A459F6-8D57-4719-8C98-8A452FFB7253} = {F3604918-3DF2-401A-89D3-6557C41C04E0}
		{ACAC891C-516B-4676-8AE1-E0E10E192CBC} = {93A459F6-8D57-4719-8C98-8A452FFB7253}
		{7822C6A3-1205-46D5-BA00-6C30228CA8FA} = {ACAC891C-516B-4676-8AE1-E0E10E192CBC}
		{4F33FF15-3315-464C-98AC-DEC8B29F847F} = {ACAC891C-516B-4676-8AE1-E0E10E192CBC}
		{03CBB92C-05F1-4828-90F8-E2726E5822CE} = {ACAC891C-516B-4676-8AE1-E0E10E192CBC}
		{9990F47A-D8D5-4F2D-AC83-BD0DAC7A2DB1} = {ACAC891C-516B-4676-8AE1-E0E10E192CBC}
		{9B63F401-C6C5-40E7-B63C-CD73E2ED1C0A} = {ACAC891C-516B-4676-8AE1-E0E10E192CBC}
		{4A5B7FB7-3550-42C5-9083-292C63304327} = {9B63F401-C6C5-40E7-B63C-CD73E2ED1C0A}
		{E78799BA-2ADD-4F7A-982A-9FD53593D8E3} = {9B63F401-C6C5-40E7-B63C-CD73E2ED1C0A}
		{342EDFE2-134D-4B5B-9238-A6B7EE2058D2} = {9B63F401-C6C5-40E7-B63C-CD73E2ED1C0A}
	EndGlobalSection
EndGlobal
